Microsoft Visual Studio Solution File, Format Version 12.00
# Visual Studio Version 17
VisualStudioVersion = 17.5.2.0
MinimumVisualStudioVersion = 10.0.40219.1
Project("{FAE04EC0-301F-11D3-BF4B-00C04F79EFBC}") = "2026-PinRu-backend", "2026-PinRu-backend.csproj", "{03E385F8-099B-200B-4921-50B28DA2A091}"
EndProject
Global
	GlobalSection(SolutionConfigurationPlatforms) = preSolution
		Debug|Any CPU = Debug|Any CPU
		Release|Any CPU = Release|Any CPU
	EndGlobalSection
	GlobalSection(ProjectConfigurationPlatforms) = postSolution
		{03E385F8-099B-200B-4921-50B28DA2A091}.Debug|Any CPU.ActiveCfg = Debug|Any CPU
		{03E385F8-099B-200B-4921-50B28DA2A091}.Debug|Any CPU.Build.0 = Debug|Any CPU
		{03E385F8-099B-200B-4921-50B28DA2A091}.Release|Any CPU.ActiveCfg = Release|Any CPU
		{03E385F8-099B-200B-4921-50B28DA2A091}.Release|Any CPU.Build.0 = Release|Any CPU
	EndGlobalSection
	GlobalSection(SolutionProperties) = preSolution
		HideSolutionNode = FALSE
	EndGlobalSection
	GlobalSection(ExtensibilityGlobals) = postSolution
		SolutionGuid = {B6B6AB0F-7289-4444-BEE8-4A10E31CF01C}
	EndGlobalSection
EndGlobal
